github.com/cpuguy83/go-md2man/v2 v2.0.6/go.mod h1:oOW0eioCTA6cOiMLiUPZOpcVxMig6NIQQ7OS05n1F4g=
github.com/goark/csvdata v0.7.3 h1:IkWPbaeIEVH6jEw0G18OTEPaE4s8RQN8a2k2ooDFx2g=
github.com/goark/csvdata v0.7.3/go.mod h1:vhn11zhff8ORS4ZkiTJv/EHXOQqk29jKGo7MYL8Rp0I=
github.com/goark/errs v1.3.2 h1:ifccNe1aK7Xezt4XVYwHUqalmnfhuphnEvh3FshCReQ=
github.com/goark/errs v1.3.2/go.mod h1:ZsQucxaDFVfSB8I99j4bxkDRfNOrlKINwg72QMuRWKw=
github.com/goark/gocli v0.13.0 h1:hR/5E4JGMEcbQxkSqR7K/0XnYY2Hd6GDpuazXGC3jn4=
github.com/goark/gocli v0.13.0/go.mod h1:pFYWXAXZ5G4QqPcXsDTSFbCuVg0qO40NYkp2XKthc18=
github.com/goark/kkconv v0.3.3 h1:Cv9XBLbsqMEYRP2RKHOj9nxDxzLuEPgPn0/SJbi7N1U=
github.com/goark/kkconv v0.3.3/go.mod h1:L16PcMzduVmw1ywyqFcpRhqadX75MT/af4RE2CSI210=
github.com/inconshreveable/mousetrap v1.1.0 h1:wN+x4NVGpMsO7ErUn/mUI3vEoE6Jt13X2s0bqwp9tc8=
github.com/inconshreveable/mousetrap v1.1.0/go.mod h1:vpF70FUmC8bwa3OWnCshd2FqLfsEA9PFc4w1p2J65bw=
github.com/russross/blackfriday/v2 v2.1.0/go.mod h1:+Rmxgy9KzJVeS9/2gXHxylqXiyQDYRxCVz55jmeOWTM=
github.com/saintfish/chardet v0.0.0-20230101081208-5e3ef4b5456d h1:hrujxIzL1woJ7AwssoOcM/tq5JjjG2yYOc8odClEiXA=
github.com/saintfish/chardet v0.0.0-20230101081208-5e3ef4b5456d/go.mod h1:uugorj2VCxiV1x+LzaIdVa9b4S4qGAcH6cbhh4qVxOU=
github.com/spf13/cobra v1.9.1 h1:CXSaggrXdbHK9CF+8ywj8Amf7PBRmPCOJugH954Nnlo=
github.com/spf13/cobra v1.9.1/go.mod h1:nDyEzZ8ogv936Cinf6g1RU9MRY64Ir93oCnqb9wxYW0=
github.com/spf13/pflag v1.0.6 h1:jFzHGLGAlb3ruxLB8MhbI6A8+AQX/2eW4qeyNZXNp2o=
github.com/spf13/pflag v1.0.6/go.mod h1:McXfInJRrz4CZXVZOBLb0bTZqETkiAhM9Iw0y3An2Bg=
golang.org/x/crypto v0.37.0 h1:kJNSjF/Xp7kU0iB2Z+9viTPMW4EqqsrywMXLJOOsXSE=
golang.org/x/crypto v0.37.0/go.mod h1:vg+k43peMZ0pUMhYmVAWysMK35e6ioLh3wB8ZCAfbVc=
golang.org/x/text v0.24.0 h1:dd5Bzh4yt5KYA8f9CJHCP4FB4D51c2c6JvN37xJJkJ0=
golang.org/x/text v0.24.0/go.mod h1:L8rBsPeo2pSS+xqN0d5u2ikmjtmoJbDBT1b7nHvFCdU=
gopkg.in/check.v1 v0.0.0-20161208181325-20d25e280405/go.mod h1:Co6ibVJAznAaIkqp8huTwlJQCZ016jof/cbN4VW5Yz0=
gopkg.in/yaml.v3 v3.0.1/go.mod h1:K4uyk7z7BCEPqu6E+C64Yfv1cQ7kz7rIZviUmN+EgEM=
